
Microsoft Visual Studio Solution File, Format Version 12.00
# Visual Studio 15
VisualStudioVersion = 15.0.28307.539
MinimumVisualStudioVersion = 10.0.40219.1
Project("{FAE04EC0-301F-11D3-BF4B-00C04F79EFBC}") = "SocialVU", "SocialVU\SocialVU.csproj", "{A24B7DEC-0FE6-4797-973D-A830C2D2BBEA}"
EndProject
Global
	GlobalSection(SolutionConfigurationPlatforms) = preSolution
		Debug|Any CPU = Debug|Any CPU
		Release|Any CPU = Release|Any CPU
	EndGlobalSection
	GlobalSection(ProjectConfigurationPlatforms) = postSolution
		{A24B7DEC-0FE6-4797-973D-A830C2D2BBEA}.Debug|Any CPU.ActiveCfg = Debug|Any CPU
		{A24B7DEC-0FE6-4797-973D-A830C2D2BBEA}.Debug|Any CPU.Build.0 = Debug|Any CPU
		{A24B7DEC-0FE6-4797-973D-A830C2D2BBEA}.Release|Any CPU.ActiveCfg = Release|Any CPU
		{A24B7DEC-0FE6-4797-973D-A830C2D2BBEA}.Release|Any CPU.Build.0 = Release|Any CPU
	EndGlobalSection
	GlobalSection(SolutionProperties) = preSolution
		HideSolutionNode = FALSE
	EndGlobalSection
	GlobalSection(ExtensibilityGlobals) = postSolution
		SolutionGuid = {4D934132-2038-426A-A0FD-4835F3204CC6}
	EndGlobalSection
EndGlobal
